// !$*UTF8*$!
{
	archiveVersion = 1;
	classes = {
	};
	objectVersion = 48;
	objects = {

/* Begin PBXBuildFile section */
		420B7E6621233BF9004BA1CE /* TemperatureViewController.swift in Sources */ = {isa = PBXBuildFile; fileRef = 420B7E6521233BF9004BA1CE /* TemperatureViewController.swift */; };
		420B7E6821233C36004BA1CE /* SpeedViewController.swift in Sources */ = {isa = PBXBuildFile; fileRef = 420B7E6721233C36004BA1CE /* SpeedViewController.swift */; };
		420B7E6B21233C90004BA1CE /* WeightController.swift in Sources */ = {isa = PBXBuildFile; fileRef = 420B7E6A21233C90004BA1CE /* WeightController.swift */; };
		420B7E6D21233CA8004BA1CE /* TemperatureController.swift in Sources */ = {isa = PBXBuildFile; fileRef = 420B7E6C21233CA8004BA1CE /* TemperatureController.swift */; };
		420B7E6F21233CB9004BA1CE /* DistanceController.swift in Sources */ = {isa = PBXBuildFile; fileRef = 420B7E6E21233CB9004BA1CE /* DistanceController.swift */; };
		420B7E7121233CC8004BA1CE /* SpeedController.swift in Sources */ = {isa = PBXBuildFile; fileRef = 420B7E7021233CC8004BA1CE /* SpeedController.swift */; };
		425E6B21211A2A8B00337881 /* AppDelegate.swift in Sources */ = {isa = PBXBuildFile; fileRef = 425E6B20211A2A8B00337881 /* AppDelegate.swift */; };
		425E6B23211A2A8B00337881 /* WeightViewController.swift in Sources */ = {isa = PBXBuildFile; fileRef = 425E6B22211A2A8B00337881 /* WeightViewController.swift */; };
		425E6B25211A2A8B00337881 /* DistanceViewController.swift in Sources */ = {isa = PBXBuildFile; fileRef = 425E6B24211A2A8B00337881 /* DistanceViewController.swift */; };
		425E6B28211A2A8B00337881 /* Main.storyboard in Resources */ = {isa = PBXBuildFile; fileRef = 425E6B26211A2A8B00337881 /* Main.storyboard */; };
		425E6B2A211A2A8B00337881 /* Assets.xcassets in Resources */ = {isa = PBXBuildFile; fileRef = 425E6B29211A2A8B00337881 /* Assets.xcassets */; };
		425E6B2D211A2A8B00337881 /* LaunchScreen.storyboard in Resources */ = {isa = PBXBuildFile; fileRef = 425E6B2B211A2A8B00337881 /* LaunchScreen.storyboard */; };
		425E6B38211A2A8C00337881 /* it15019646Tests.swift in Sources */ = {isa = PBXBuildFile; fileRef = 425E6B37211A2A8C00337881 /* it15019646Tests.swift */; };
		425E6B43211A2A8C00337881 /* it15019646UITests.swift in Sources */ = {isa = PBXBuildFile; fileRef = 425E6B42211A2A8C00337881 /* it15019646UITests.swift */; };
/* End PBXBuildFile section */

/* Begin PBXContainerItemProxy section */
		425E6B34211A2A8C00337881 /* PBXContainerItemProxy */ = {
			isa = PBXContainerItemProxy;
			containerPortal = 425E6B15211A2A8B00337881 /* Project object */;
			proxyType = 1;
			remoteGlobalIDString = 425E6B1C211A2A8B00337881;
			remoteInfo = it15019646;
		};
		425E6B3F211A2A8C00337881 /* PBXContainerItemProxy */ = {
			isa = PBXContainerItemProxy;
			containerPortal = 425E6B15211A2A8B00337881 /* Project object */;
			proxyType = 1;
			remoteGlobalIDString = 425E6B1C211A2A8B00337881;
			remoteInfo = it15019646;
		};
/* End PBXContainerItemProxy section */

/* Begin PBXFileReference section */
		420B7E6521233BF9004BA1CE /* TemperatureViewController.swift */ = {isa = PBXFileReference; lastKnownFileType = sourcecode.swift; path = TemperatureViewController.swift; sourceTree = "<group>"; };
		420B7E6721233C36004BA1CE /* SpeedViewController.swift */ = {isa = PBXFileReference; lastKnownFileType = sourcecode.swift; path = SpeedViewController.swift; sourceTree = "<group>"; };
		420B7E6A21233C90004BA1CE /* WeightController.swift */ = {isa = PBXFileReference; lastKnownFileType = sourcecode.swift; path = WeightController.swift; sourceTree = "<group>"; };
		420B7E6C21233CA8004BA1CE /* TemperatureController.swift */ = {isa = PBXFileReference; lastKnownFileType = sourcecode.swift; path = TemperatureController.swift; sourceTree = "<group>"; };
		420B7E6E21233CB9004BA1CE /* DistanceController.swift */ = {isa = PBXFileReference; lastKnownFileType = sourcecode.swift; path = DistanceController.swift; sourceTree = "<group>"; };
		420B7E7021233CC8004BA1CE /* SpeedController.swift */ = {isa = PBXFileReference; lastKnownFileType = sourcecode.swift; path = SpeedController.swift; sourceTree = "<group>"; };
		425E6B1D211A2A8B00337881 /* it15019646.app */ = {isa = PBXFileReference; explicitFileType = wrapper.application; includeInIndex = 0; path = it15019646.app; sourceTree = BUILT_PRODUCTS_DIR; };
		425E6B20211A2A8B00337881 /* AppDelegate.swift */ = {isa = PBXFileReference; lastKnownFileType = sourcecode.swift; path = AppDelegate.swift; sourceTree = "<group>"; };
		425E6B22211A2A8B00337881 /* WeightViewController.swift */ = {isa = PBXFileReference; lastKnownFileType = sourcecode.swift; path = WeightViewController.swift; sourceTree = "<group>"; };
		425E6B24211A2A8B00337881 /* DistanceViewController.swift */ = {isa = PBXFileReference; lastKnownFileType = sourcecode.swift; path = DistanceViewController.swift; sourceTree = "<group>"; };
		425E6B27211A2A8B00337881 /* Base */ = {isa = PBXFileReference; lastKnownFileType = file.storyboard; name = Base; path = Base.lproj/Main.storyboard; sourceTree = "<group>"; };
		425E6B29211A2A8B00337881 /* Assets.xcassets */ = {isa = PBXFileReference; lastKnownFileType = folder.assetcatalog; path = Assets.xcassets; sourceTree = "<group>"; };
		425E6B2C211A2A8B00337881 /* Base */ = {isa = PBXFileReference; lastKnownFileType = file.storyboard; name = Base; path = Base.lproj/LaunchScreen.storyboard; sourceTree = "<group>"; };
		425E6B2E211A2A8B00337881 /* Info.plist */ = {isa = PBXFileReference; lastKnownFileType = text.plist.xml; path = Info.plist; sourceTree = "<group>"; };
		425E6B33211A2A8C00337881 /* it15019646Tests.xctest */ = {isa = PBXFileReference; explicitFileType = wrapper.cfbundle; includeInIndex = 0; path = it15019646Tests.xctest; sourceTree = BUILT_PRODUCTS_DIR; };
		425E6B37211A2A8C00337881 /* it15019646Tests.swift */ = {isa = PBXFileReference; lastKnownFileType = sourcecode.swift; path = it15019646Tests.swift; sourceTree = "<group>"; };
		425E6B39211A2A8C00337881 /* Info.plist */ = {isa = PBXFileReference; lastKnownFileType = text.plist.xml; path = Info.plist; sourceTree = "<group>"; };
		425E6B3E211A2A8C00337881 /* it15019646UITests.xctest */ = {isa = PBXFileReference; explicitFileType = wrapper.cfbundle; includeInIndex = 0; path = it15019646UITests.xctest; sourceTree = BUILT_PRODUCTS_DIR; };
		425E6B42211A2A8C00337881 /* it15019646UITests.swift */ = {isa = PBXFileReference; lastKnownFileType = sourcecode.swift; path = it15019646UITests.swift; sourceTree = "<group>"; };
		425E6B44211A2A8C00337881 /* Info.plist */ = {isa = PBXFileReference; lastKnownFileType = text.plist.xml; path = Info.plist; sourceTree = "<group>"; };
/* End PBXFileReference section */

/* Begin PBXFrameworksBuildPhase section */
		425E6B1A211A2A8B00337881 /* Frameworks */ = {
			isa = PBXFrameworksBuildPhase;
			buildActionMask = 2147483647;
			files = (
			);
			runOnlyForDeploymentPostprocessing = 0;
		};
		425E6B30211A2A8C00337881 /* Frameworks */ = {
			isa = PBXFrameworksBuildPhase;
			buildActionMask = 2147483647;
			files = (
			);
			runOnlyForDeploymentPostprocessing = 0;
		};
		425E6B3B211A2A8C00337881 /* Frameworks */ = {
			isa = PBXFrameworksBuildPhase;
			buildActionMask = 2147483647;
			files = (
			);
			runOnlyForDeploymentPostprocessing = 0;
		};
/* End PBXFrameworksBuildPhase section */

/* Begin PBXGroup section */
		420B7E6921233C62004BA1CE /* Controllers */ = {
			isa = PBXGroup;
			children = (
				420B7E6A21233C90004BA1CE /* WeightController.swift */,
				420B7E6C21233CA8004BA1CE /* TemperatureController.swift */,
				420B7E6E21233CB9004BA1CE /* DistanceController.swift */,
				420B7E7021233CC8004BA1CE /* SpeedController.swift */,
			);
			path = Controllers;
			sourceTree = "<group>";
		};
		425E6B14211A2A8B00337881 = {
			isa = PBXGroup;
			children = (
				425E6B1F211A2A8B00337881 /* it15019646 */,
				425E6B36211A2A8C00337881 /* it15019646Tests */,
				425E6B41211A2A8C00337881 /* it15019646UITests */,
				425E6B1E211A2A8B00337881 /* Products */,
			);
			sourceTree = "<group>";
		};
		425E6B1E211A2A8B00337881 /* Products */ = {
			isa = PBXGroup;
			children = (
				425E6B1D211A2A8B00337881 /* it15019646.app */,
				425E6B33211A2A8C00337881 /* it15019646Tests.xctest */,
				425E6B3E211A2A8C00337881 /* it15019646UITests.xctest */,
			);
			name = Products;
			sourceTree = "<group>";
		};
		425E6B1F211A2A8B00337881 /* it15019646 */ = {
			isa = PBXGroup;
			children = (
				420B7E6921233C62004BA1CE /* Controllers */,
				425E6B20211A2A8B00337881 /* AppDelegate.swift */,
				425E6B22211A2A8B00337881 /* WeightViewController.swift */,
				425E6B24211A2A8B00337881 /* DistanceViewController.swift */,
				425E6B26211A2A8B00337881 /* Main.storyboard */,
				425E6B29211A2A8B00337881 /* Assets.xcassets */,
				425E6B2B211A2A8B00337881 /* LaunchScreen.storyboard */,
				425E6B2E211A2A8B00337881 /* Info.plist */,
				420B7E6521233BF9004BA1CE /* TemperatureViewController.swift */,
				420B7E6721233C36004BA1CE /* SpeedViewController.swift */,
			);
			path = it15019646;
			sourceTree = "<group>";
		};
		425E6B36211A2A8C00337881 /* it15019646Tests */ = {
			isa = PBXGroup;
			children = (
				425E6B37211A2A8C00337881 /* it15019646Tests.swift */,
				425E6B39211A2A8C00337881 /* Info.plist */,
			);
			path = it15019646Tests;
			sourceTree = "<group>";
		};
		425E6B41211A2A8C00337881 /* it15019646UITests */ = {
			isa = PBXGroup;
			children = (
				425E6B42211A2A8C00337881 /* it15019646UITests.swift */,
				425E6B44211A2A8C00337881 /* Info.plist */,
			);
			path = it15019646UITests;
			sourceTree = "<group>";
		};
/* End PBXGroup section */

/* Begin PBXNativeTarget section */
		425E6B1C211A2A8B00337881 /* it15019646 */ = {
			isa = PBXNativeTarget;
			buildConfigurationList = 425E6B47211A2A8C00337881 /* Build configuration list for PBXNativeTarget "it15019646" */;
			buildPhases = (
				425E6B19211A2A8B00337881 /* Sources */,
				425E6B1A211A2A8B00337881 /* Frameworks */,
				425E6B1B211A2A8B00337881 /* Resources */,
			);
			buildRules = (
			);
			dependencies = (
			);
			name = it15019646;
			productName = it15019646;
			productReference = 425E6B1D211A2A8B00337881 /* it15019646.app */;
			productType = "com.apple.product-type.application";
		};
		425E6B32211A2A8C00337881 /* it15019646Tests */ = {
			isa = PBXNativeTarget;
			buildConfigurationList = 425E6B4A211A2A8C00337881 /* Build configuration list for PBXNativeTarget "it15019646Tests" */;
			buildPhases = (
				425E6B2F211A2A8C00337881 /* Sources */,
				425E6B30211A2A8C00337881 /* Frameworks */,
				425E6B31211A2A8C00337881 /* Resources */,
			);
			buildRules = (
			);
			dependencies = (
				425E6B35211A2A8C00337881 /* PBXTargetDependency */,
			);
			name = it15019646Tests;
			productName = it15019646Tests;
			productReference = 425E6B33211A2A8C00337881 /* it15019646Tests.xctest */;
			productType = "com.apple.product-type.bundle.unit-test";
		};
		425E6B3D211A2A8C00337881 /* it15019646UITests */ = {
			isa = PBXNativeTarget;
			buildConfigurationList = 425E6B4D211A2A8C00337881 /* Build configuration list for PBXNativeTarget "it15019646UITests" */;
			buildPhases = (
				425E6B3A211A2A8C00337881 /* Sources */,
				425E6B3B211A2A8C00337881 /* Frameworks */,
				425E6B3C211A2A8C00337881 /* Resources */,
			);
			buildRules = (
			);
			dependencies = (
				425E6B40211A2A8C00337881 /* PBXTargetDependency */,
			);
			name = it15019646UITests;
			productName = it15019646UITests;
			productReference = 425E6B3E211A2A8C00337881 /* it15019646UITests.xctest */;
			productType = "com.apple.product-type.bundle.ui-testing";
		};
/* End PBXNativeTarget section */

/* Begin PBXProject section */
		425E6B15211A2A8B00337881 /* Project object */ = {
			isa = PBXProject;
			attributes = {
				LastSwiftUpdateCheck = 0900;
				LastUpgradeCheck = 0900;
				ORGANIZATIONNAME = "Sameera Madushan";
				TargetAttributes = {
					425E6B1C211A2A8B00337881 = {
						CreatedOnToolsVersion = 9.0;
						ProvisioningStyle = Automatic;
					};
					425E6B32211A2A8C00337881 = {
						CreatedOnToolsVersion = 9.0;
						ProvisioningStyle = Automatic;
						TestTargetID = 425E6B1C211A2A8B00337881;
					};
					425E6B3D211A2A8C00337881 = {
						CreatedOnToolsVersion = 9.0;
						ProvisioningStyle = Automatic;
						TestTargetID = 425E6B1C211A2A8B00337881;
					};
				};
			};
			buildConfigurationList = 425E6B18211A2A8B00337881 /* Build configuration list for PBXProject "it15019646" */;
			compatibilityVersion = "Xcode 8.0";
			developmentRegion = en;
			hasScannedForEncodings = 0;
			knownRegions = (
				en,
				Base,
			);
			mainGroup = 425E6B14211A2A8B00337881;
			productRefGroup = 425E6B1E211A2A8B00337881 /* Products */;
			projectDirPath = "";
			projectRoot = "";
			targets = (
				425E6B1C211A2A8B00337881 /* it15019646 */,
				425E6B32211A2A8C00337881 /* it15019646Tests */,
				425E6B3D211A2A8C00337881 /* it15019646UITests */,
			);
		};
/* End PBXProject section */

/* Begin PBXResourcesBuildPhase section */
		425E6B1B211A2A8B00337881 /* Resources */ = {
			isa = PBXResourcesBuildPhase;
			buildActionMask = 2147483647;
			files = (
				425E6B2D211A2A8B00337881 /* LaunchScreen.storyboard in Resources */,
				425E6B2A211A2A8B00337881 /* Assets.xcassets in Resources */,
				425E6B28211A2A8B00337881 /* Main.storyboard in Resources */,
			);
			runOnlyForDeploymentPostprocessing = 0;
		};
		425E6B31211A2A8C00337881 /* Resources */ = {
			isa = PBXResourcesBuildPhase;
			buildActionMask = 2147483647;
			files = (
			);
			runOnlyForDeploymentPostprocessing = 0;
		};
		425E6B3C211A2A8C00337881 /* Resources */ = {
			isa = PBXResourcesBuildPhase;
			buildActionMask = 2147483647;
			files = (
			);
			runOnlyForDeploymentPostprocessing = 0;
		};
/* End PBXResourcesBuildPhase section */

/* Begin PBXSourcesBuildPhase section */
		425E6B19211A2A8B00337881 /* Sources */ = {
			isa = PBXSourcesBuildPhase;
			buildActionMask = 2147483647;
			files = (
				425E6B25211A2A8B00337881 /* DistanceViewController.swift in Sources */,
				420B7E6D21233CA8004BA1CE /* TemperatureController.swift in Sources */,
				420B7E6F21233CB9004BA1CE /* DistanceController.swift in Sources */,
				420B7E6821233C36004BA1CE /* SpeedViewController.swift in Sources */,
				425E6B21211A2A8B00337881 /* AppDelegate.swift in Sources */,
				420B7E6B21233C90004BA1CE /* WeightController.swift in Sources */,
				425E6B23211A2A8B00337881 /* WeightViewController.swift in Sources */,
				420B7E6621233BF9004BA1CE /* TemperatureViewController.swift in Sources */,
				420B7E7121233CC8004BA1CE /* SpeedController.swift in Sources */,
			);
			runOnlyForDeploymentPostprocessing = 0;
		};
		425E6B2F211A2A8C00337881 /* Sources */ = {
			isa = PBXSourcesBuildPhase;
			buildActionMask = 2147483647;
			files = (
				425E6B38211A2A8C00337881 /* it15019646Tests.swift in Sources */,
			);
			runOnlyForDeploymentPostprocessing = 0;
		};
		425E6B3A211A2A8C00337881 /* Sources */ = {
			isa = PBXSourcesBuildPhase;
			buildActionMask = 2147483647;
			files = (
				425E6B43211A2A8C00337881 /* it15019646UITests.swift in Sources */,
			);
			runOnlyForDeploymentPostprocessing = 0;
		};
/* End PBXSourcesBuildPhase section */

/* Begin PBXTargetDependency section */
		425E6B35211A2A8C00337881 /* PBXTargetDependency */ = {
			isa = PBXTargetDependency;
			target = 425E6B1C211A2A8B00337881 /* it15019646 */;
			targetProxy = 425E6B34211A2A8C00337881 /* PBXContainerItemProxy */;
		};
		425E6B40211A2A8C00337881 /* PBXTargetDependency */ = {
			isa = PBXTargetDependency;
			target = 425E6B1C211A2A8B00337881 /* it15019646 */;
			targetProxy = 425E6B3F211A2A8C00337881 /* PBXContainerItemProxy */;
		};
/* End PBXTargetDependency section */

/* Begin PBXVariantGroup section */
		425E6B26211A2A8B00337881 /* Main.storyboard */ = {
			isa = PBXVariantGroup;
			children = (
				425E6B27211A2A8B00337881 /* Base */,
			);
			name = Main.storyboard;
			sourceTree = "<group>";
		};
		425E6B2B211A2A8B00337881 /* LaunchScreen.storyboard */ = {
			isa = PBXVariantGroup;
			children = (
				425E6B2C211A2A8B00337881 /* Base */,
			);
			name = LaunchScreen.storyboard;
			sourceTree = "<group>";
		};
/* End PBXVariantGroup section */

/* Begin XCBuildConfiguration section */
		425E6B45211A2A8C00337881 /* Debug */ = {
			isa = XCBuildConfiguration;
			buildSettings = {
				ALWAYS_SEARCH_USER_PATHS = NO;
				CLANG_ANALYZER_NONNULL = YES;
				CLANG_ANALYZER_NUMBER_OBJECT_CONVERSION = YES_AGGRESSIVE;
				CLANG_CXX_LANGUAGE_STANDARD = "gnu++14";
				CLANG_CXX_LIBRARY = "libc++";
				CLANG_ENABLE_MODULES = YES;
				CLANG_ENABLE_OBJC_ARC = YES;
				CLANG_WARN_BLOCK_CAPTURE_AUTORELEASING = YES;
				CLANG_WARN_BOOL_CONVERSION = YES;
				CLANG_WARN_COMMA = YES;
				CLANG_WARN_CONSTANT_CONVERSION = YES;
				CLANG_WARN_DIRECT_OBJC_ISA_USAGE = YES_ERROR;
				CLANG_WARN_DOCUMENTATION_COMMENTS = YES;
				CLANG_WARN_EMPTY_BODY = YES;
				CLANG_WARN_ENUM_CONVERSION = YES;
				CLANG_WARN_INFINITE_RECURSION = YES;
				CLANG_WARN_INT_CONVERSION = YES;
				CLANG_WARN_NON_LITERAL_NULL_CONVERSION = YES;
				CLANG_WARN_OBJC_LITERAL_CONVERSION = YES;
				CLANG_WARN_OBJC_ROOT_CLASS = YES_ERROR;
				CLANG_WARN_RANGE_LOOP_ANALYSIS = YES;
				CLANG_WARN_STRICT_PROTOTYPES = YES;
				CLANG_WARN_SUSPICIOUS_MOVE = YES;
				CLANG_WARN_UNGUARDED_AVAILABILITY = YES_AGGRESSIVE;
				CLANG_WARN_UNREACHABLE_CODE = YES;
				CLANG_WARN__DUPLICATE_METHOD_MATCH = YES;
				CODE_SIGN_IDENTITY = "iPhone Developer";
				COPY_PHASE_STRIP = NO;
				DEBUG_INFORMATION_FORMAT = dwarf;
				ENABLE_STRICT_OBJC_MSGSEND = YES;
				ENABLE_TESTABILITY = YES;
				GCC_C_LANGUAGE_STANDARD = gnu11;
				GCC_DYNAMIC_NO_PIC = NO;
				GCC_NO_COMMON_BLOCKS = YES;
				GCC_OPTIMIZATION_LEVEL = 0;
				GCC_PREPROCESSOR_DEFINITIONS = (
					"DEBUG=1",
					"$(inherited)",
				);
				GCC_WARN_64_TO_32_BIT_CONVERSION = YES;
				GCC_WARN_ABOUT_RETURN_TYPE = YES_ERROR;
				GCC_WARN_UNDECLARED_SELECTOR = YES;
				GCC_WARN_UNINITIALIZED_AUTOS = YES_AGGRESSIVE;
				GCC_WARN_UNUSED_FUNCTION = YES;
				GCC_WARN_UNUSED_VARIABLE = YES;
				IPHONEOS_DEPLOYMENT_TARGET = 11.0;
				MTL_ENABLE_DEBUG_INFO = YES;
				ONLY_ACTIVE_ARCH = YES;
				SDKROOT = iphoneos;
				SWIFT_ACTIVE_COMPILATION_CONDITIONS = DEBUG;
				SWIFT_OPTIMIZATION_LEVEL = "-Onone";
			};
			name = Debug;
		};
		425E6B46211A2A8C00337881 /* Release */ = {
			isa = XCBuildConfiguration;
			buildSettings = {
				ALWAYS_SEARCH_USER_PATHS = NO;
				CLANG_ANALYZER_NONNULL = YES;
				CLANG_ANALYZER_NUMBER_OBJECT_CONVERSION = YES_AGGRESSIVE;
				CLANG_CXX_LANGUAGE_STANDARD = "gnu++14";
				CLANG_CXX_LIBRARY = "libc++";
				CLANG_ENABLE_MODULES = YES;
				CLANG_ENABLE_OBJC_ARC = YES;
				CLANG_WARN_BLOCK_CAPTURE_AUTORELEASING = YES;
				CLANG_WARN_BOOL_CONVERSION = YES;
				CLANG_WARN_COMMA = YES;
				CLANG_WARN_CONSTANT_CONVERSION = YES;
				CLANG_WARN_DIRECT_OBJC_ISA_USAGE = YES_ERROR;
				CLANG_WARN_DOCUMENTATION_COMMENTS = YES;
				CLANG_WARN_EMPTY_BODY = YES;
				CLANG_WARN_ENUM_CONVERSION = YES;
				CLANG_WARN_INFINITE_RECURSION = YES;
				CLANG_WARN_INT_CONVERSION = YES;
				CLANG_WARN_NON_LITERAL_NULL_CONVERSION = YES;
				CLANG_WARN_OBJC_LITERAL_CONVERSION = YES;
				CLANG_WARN_OBJC_ROOT_CLASS = YES_ERROR;
				CLANG_WARN_RANGE_LOOP_ANALYSIS = YES;
				CLANG_WARN_STRICT_PROTOTYPES = YES;
				CLANG_WARN_SUSPICIOUS_MOVE = YES;
				CLANG_WARN_UNGUARDED_AVAILABILITY = YES_AGGRESSIVE;
				CLANG_WARN_UNREACHABLE_CODE = YES;
				CLANG_WARN__DUPLICATE_METHOD_MATCH = YES;
				CODE_SIGN_IDENTITY = "iPhone Developer";
				COPY_PHASE_STRIP = NO;
				DEBUG_INFORMATION_FORMAT = "dwarf-with-dsym";
				ENABLE_NS_ASSERTIONS = NO;
				ENABLE_STRICT_OBJC_MSGSEND = YES;
				GCC_C_LANGUAGE_STANDARD = gnu11;
				GCC_NO_COMMON_BLOCKS = YES;
				GCC_WARN_64_TO_32_BIT_CONVERSION = YES;
				GCC_WARN_ABOUT_RETURN_TYPE = YES_ERROR;
				GCC_WARN_UNDECLARED_SELECTOR = YES;
				GCC_WARN_UNINITIALIZED_AUTOS = YES_AGGRESSIVE;
				GCC_WARN_UNUSED_FUNCTION = YES;
				GCC_WARN_UNUSED_VARIABLE = YES;
				IPHONEOS_DEPLOYMENT_TARGET = 11.0;
				MTL_ENABLE_DEBUG_INFO = NO;
				SDKROOT = iphoneos;
				SWIFT_OPTIMIZATION_LEVEL = "-Owholemodule";
				VALIDATE_PRODUCT = YES;
			};
			name = Release;
		};
		425E6B48211A2A8C00337881 /* Debug */ = {
			isa = XCBuildConfiguration;
			buildSettings = {
				ASSETCATALOG_COMPILER_APPICON_NAME = AppIcon;
				CODE_SIGN_STYLE = Automatic;
				INFOPLIST_FILE = it15019646/Info.plist;
				LD_RUNPATH_SEARCH_PATHS = "$(inherited) @executable_path/Frameworks";
				PRODUCT_BUNDLE_IDENTIFIER = sliit.it15019646;
				PRODUCT_NAME = "$(TARGET_NAME)";
				SWIFT_VERSION = 4.0;
				TARGETED_DEVICE_FAMILY = "1,2";
			};
			name = Debug;
		};
		425E6B49211A2A8C00337881 /* Release */ = {
			isa = XCBuildConfiguration;
			buildSettings = {
				ASSETCATALOG_COMPILER_APPICON_NAME = AppIcon;
				CODE_SIGN_STYLE = Automatic;
				INFOPLIST_FILE = it15019646/Info.plist;
				LD_RUNPATH_SEARCH_PATHS = "$(inherited) @executable_path/Frameworks";
				PRODUCT_BUNDLE_IDENTIFIER = sliit.it15019646;
				PRODUCT_NAME = "$(TARGET_NAME)";
				SWIFT_VERSION = 4.0;
				TARGETED_DEVICE_FAMILY = "1,2";
			};
			name = Release;
		};
		425E6B4B211A2A8C00337881 /* Debug */ = {
			isa = XCBuildConfiguration;
			buildSettings = {
				ALWAYS_EMBED_SWIFT_STANDARD_LIBRARIES = YES;
				BUNDLE_LOADER = "$(TEST_HOST)";
				CODE_SIGN_STYLE = Automatic;
				INFOPLIST_FILE = it15019646Tests/Info.plist;
				LD_RUNPATH_SEARCH_PATHS = "$(inherited) @executable_path/Frameworks @loader_path/Frameworks";
				PRODUCT_BUNDLE_IDENTIFIER = sliit.it15019646Tests;
				PRODUCT_NAME = "$(TARGET_NAME)";
				SWIFT_VERSION = 4.0;
				TARGETED_DEVICE_FAMILY = "1,2";
				TEST_HOST = "$(BUILT_PRODUCTS_DIR)/it15019646.app/it15019646";
			};
			name = Debug;
		};
		425E6B4C211A2A8C00337881 /* Release */ = {
			isa = XCBuildConfiguration;
			buildSettings = {
				ALWAYS_EMBED_SWIFT_STANDARD_LIBRARIES = YES;
				BUNDLE_LOADER = "$(TEST_HOST)";
				CODE_SIGN_STYLE = Automatic;
				INFOPLIST_FILE = it15019646Tests/Info.plist;
				LD_RUNPATH_SEARCH_PATHS = "$(inherited) @executable_path/Frameworks @loader_path/Frameworks";
				PRODUCT_BUNDLE_IDENTIFIER = sliit.it15019646Tests;
				PRODUCT_NAME = "$(TARGET_NAME)";
				SWIFT_VERSION = 4.0;
				TARGETED_DEVICE_FAMILY = "1,2";
				TEST_HOST = "$(BUILT_PRODUCTS_DIR)/it15019646.app/it15019646";
			};
			name = Release;
		};
		425E6B4E211A2A8C00337881 /* Debug */ = {
			isa = XCBuildConfiguration;
			buildSettings = {
				ALWAYS_EMBED_SWIFT_STANDARD_LIBRARIES = YES;
				CODE_SIGN_STYLE = Automatic;
				INFOPLIST_FILE = it15019646UITests/Info.plist;
				LD_RUNPATH_SEARCH_PATHS = "$(inherited) @executable_path/Frameworks @loader_path/Frameworks";
				PRODUCT_BUNDLE_IDENTIFIER = sliit.it15019646UITests;
				PRODUCT_NAME = "$(TARGET_NAME)";
				SWIFT_VERSION = 4.0;
				TARGETED_DEVICE_FAMILY = "1,2";
				TEST_TARGET_NAME = it15019646;
			};
			name = Debug;
		};
		425E6B4F211A2A8C00337881 /* Release */ = {
			isa = XCBuildConfiguration;
			buildSettings = {
				ALWAYS_EMBED_SWIFT_STANDARD_LIBRARIES = YES;
				CODE_SIGN_STYLE = Automatic;
				INFOPLIST_FILE = it15019646UITests/Info.plist;
				LD_RUNPATH_SEARCH_PATHS = "$(inherited) @executable_path/Frameworks @loader_path/Frameworks";
				PRODUCT_BUNDLE_IDENTIFIER = sliit.it15019646UITests;
				PRODUCT_NAME = "$(TARGET_NAME)";
				SWIFT_VERSION = 4.0;
				TARGETED_DEVICE_FAMILY = "1,2";
				TEST_TARGET_NAME = it15019646;
			};
			name = Release;
		};
/* End XCBuildConfiguration section */

/* Begin XCConfigurationList section */
		425E6B18211A2A8B00337881 /* Build configuration list for PBXProject "it15019646" */ = {
			isa = XCConfigurationList;
			buildConfigurations = (
				425E6B45211A2A8C00337881 /* Debug */,
				425E6B46211A2A8C00337881 /* Release */,
			);
			defaultConfigurationIsVisible = 0;
			defaultConfigurationName = Release;
		};
		425E6B47211A2A8C00337881 /* Build configuration list for PBXNativeTarget "it15019646" */ = {
			isa = XCConfigurationList;
			buildConfigurations = (
				425E6B48211A2A8C00337881 /* Debug */,
				425E6B49211A2A8C00337881 /* Release */,
			);
			defaultConfigurationIsVisible = 0;
			defaultConfigurationName = Release;
		};
		425E6B4A211A2A8C00337881 /* Build configuration list for PBXNativeTarget "it15019646Tests" */ = {
			isa = XCConfigurationList;
			buildConfigurations = (
				425E6B4B211A2A8C00337881 /* Debug */,
				425E6B4C211A2A8C00337881 /* Release */,
			);
			defaultConfigurationIsVisible = 0;
			defaultConfigurationName = Release;
		};
		425E6B4D211A2A8C00337881 /* Build configuration list for PBXNativeTarget "it15019646UITests" */ = {
			isa = XCConfigurationList;
			buildConfigurations = (
				425E6B4E211A2A8C00337881 /* Debug */,
				425E6B4F211A2A8C00337881 /* Release */,
			);
			defaultConfigurationIsVisible = 0;
			defaultConfigurationName = Release;
		};
/* End XCConfigurationList section */
	};
	rootObject = 425E6B15211A2A8B00337881 /* Project object */;
}
